{
  "name": "fiaopro",
  "version": "1.0.0",
  "lockfileVersion": 2,
  "requires": true,
  "packages": {
    "": {
      "name": "fiaopro",
      "version": "1.0.0",
      "dependencies": {
        "airtable": "^0.11.6"
      }
    },
    "node_modules/airtable": {
      "version": "0.11.6",
      "resolved": "https://registry.npmjs.org/airtable/-/airtable-0.11.6.tgz",
      "integrity": "sha512-Nemz3AYn3c3dWmvYmx4cQ6Dkr0E0BemYk3lM2EPJyiW+ajHexM2YQ4qOkN6KGVM3A2Z9W6XbdL3FbTcq2S6w4DQ=="
    }
  }
}